// !$*UTF8*$!
{
	archiveVersion = 1;
	classes = {
	};
	objectVersion = 55;
	objects = {

/* Begin PBXBuildFile section */
		040578B427F2E6E1003E456D /* TextPhotoVC.swift in Sources */ = {isa = PBXBuildFile; fileRef = 040578B227F2E6E1003E456D /* TextPhotoVC.swift */; };
		040578B527F2E6E1003E456D /* TextPhotoVC.xib in Resources */ = {isa = PBXBuildFile; fileRef = 040578B327F2E6E1003E456D /* TextPhotoVC.xib */; };
		040578B827F2E6F0003E456D /* FaceCountVC.swift in Sources */ = {isa = PBXBuildFile; fileRef = 040578B627F2E6F0003E456D /* FaceCountVC.swift */; };
		040578B927F2E6F0003E456D /* FaceCountVC.xib in Resources */ = {isa = PBXBuildFile; fileRef = 040578B727F2E6F0003E456D /* FaceCountVC.xib */; };
		040578BB27F2E720003E456D /* MainTabBar.swift in Sources */ = {isa = PBXBuildFile; fileRef = 040578BA27F2E720003E456D /* MainTabBar.swift */; };
		04D0390627F2E2A400A7E036 /* AppDelegate.swift in Sources */ = {isa = PBXBuildFile; fileRef = 04D0390527F2E2A400A7E036 /* AppDelegate.swift */; };
		04D0390F27F2E2A500A7E036 /* Assets.xcassets in Resources */ = {isa = PBXBuildFile; fileRef = 04D0390E27F2E2A500A7E036 /* Assets.xcassets */; };
		04D0391227F2E2A500A7E036 /* LaunchScreen.storyboard in Resources */ = {isa = PBXBuildFile; fileRef = 04D0391027F2E2A500A7E036 /* LaunchScreen.storyboard */; };
		DE2D6E73DAF4856C60A908DD /* Pods_hw_FaceCount.framework in Frameworks */ = {isa = PBXBuildFile; fileRef = 9957C1C5BE09E481CD208111 /* Pods_hw_FaceCount.framework */; };
/* End PBXBuildFile section */

/* Begin PBXFileReference section */
		040578B227F2E6E1003E456D /* TextPhotoVC.swift */ = {isa = PBXFileReference; lastKnownFileType = sourcecode.swift; path = TextPhotoVC.swift; sourceTree = "<group>"; };
		040578B327F2E6E1003E456D /* TextPhotoVC.xib */ = {isa = PBXFileReference; lastKnownFileType = file.xib; path = TextPhotoVC.xib; sourceTree = "<group>"; };
		040578B627F2E6F0003E456D /* FaceCountVC.swift */ = {isa = PBXFileReference; lastKnownFileType = sourcecode.swift; path = FaceCountVC.swift; sourceTree = "<group>"; };
		040578B727F2E6F0003E456D /* FaceCountVC.xib */ = {isa = PBXFileReference; lastKnownFileType = file.xib; path = FaceCountVC.xib; sourceTree = "<group>"; };
		040578BA27F2E720003E456D /* MainTabBar.swift */ = {isa = PBXFileReference; lastKnownFileType = sourcecode.swift; path = MainTabBar.swift; sourceTree = "<group>"; };
		04D0390227F2E2A400A7E036 /* hw_FaceCount.app */ = {isa = PBXFileReference; explicitFileType = wrapper.application; includeInIndex = 0; path = hw_FaceCount.app; sourceTree = BUILT_PRODUCTS_DIR; };
		04D0390527F2E2A400A7E036 /* AppDelegate.swift */ = {isa = PBXFileReference; lastKnownFileType = sourcecode.swift; path = AppDelegate.swift; sourceTree = "<group>"; };
		04D0390E27F2E2A500A7E036 /* Assets.xcassets */ = {isa = PBXFileReference; lastKnownFileType = folder.assetcatalog; path = Assets.xcassets; sourceTree = "<group>"; };
		04D0391127F2E2A500A7E036 /* Base */ = {isa = PBXFileReference; lastKnownFileType = file.storyboard; name = Base; path = Base.lproj/LaunchScreen.storyboard; sourceTree = "<group>"; };
		04D0391327F2E2A500A7E036 /* Info.plist */ = {isa = PBXFileReference; lastKnownFileType = text.plist.xml; path = Info.plist; sourceTree = "<group>"; };
		3CC65B0A8712914B9AEEFE07 /* Pods-hw_FaceCount.release.xcconfig */ = {isa = PBXFileReference; includeInIndex = 1; lastKnownFileType = text.xcconfig; name = "Pods-hw_FaceCount.release.xcconfig"; path = "Target Support Files/Pods-hw_FaceCount/Pods-hw_FaceCount.release.xcconfig"; sourceTree = "<group>"; };
		9957C1C5BE09E481CD208111 /* Pods_hw_FaceCount.framework */ = {isa = PBXFileReference; explicitFileType = wrapper.framework; includeInIndex = 0; path = Pods_hw_FaceCount.framework; sourceTree = BUILT_PRODUCTS_DIR; };
		B8DCEABC9DE5E76DDFB08039 /* Pods-hw_FaceCount.debug.xcconfig */ = {isa = PBXFileReference; includeInIndex = 1; lastKnownFileType = text.xcconfig; name = "Pods-hw_FaceCount.debug.xcconfig"; path = "Target Support Files/Pods-hw_FaceCount/Pods-hw_FaceCount.debug.xcconfig"; sourceTree = "<group>"; };
/* End PBXFileReference section */

/* Begin PBXFrameworksBuildPhase section */
		04D038FF27F2E2A400A7E036 /* Frameworks */ = {
			isa = PBXFrameworksBuildPhase;
			buildActionMask = 2147483647;
			files = (
				DE2D6E73DAF4856C60A908DD /* Pods_hw_FaceCount.framework in Frameworks */,
			);
			runOnlyForDeploymentPostprocessing = 0;
		};
/* End PBXFrameworksBuildPhase section */

/* Begin PBXGroup section */
		04D038F927F2E2A400A7E036 = {
			isa = PBXGroup;
			children = (
				04D0390427F2E2A400A7E036 /* hw_FaceCount */,
				04D0390327F2E2A400A7E036 /* Products */,
				2298B4FB555E7F559263F844 /* Pods */,
				A1F8EC933D5EDA24D17EB772 /* Frameworks */,
			);
			sourceTree = "<group>";
		};
		04D0390327F2E2A400A7E036 /* Products */ = {
			isa = PBXGroup;
			children = (
				04D0390227F2E2A400A7E036 /* hw_FaceCount.app */,
			);
			name = Products;
			sourceTree = "<group>";
		};
		04D0390427F2E2A400A7E036 /* hw_FaceCount */ = {
			isa = PBXGroup;
			children = (
				04D0390527F2E2A400A7E036 /* AppDelegate.swift */,
				04D0390E27F2E2A500A7E036 /* Assets.xcassets */,
				04D0391027F2E2A500A7E036 /* LaunchScreen.storyboard */,
				04D0391327F2E2A500A7E036 /* Info.plist */,
				040578B227F2E6E1003E456D /* TextPhotoVC.swift */,
				040578B327F2E6E1003E456D /* TextPhotoVC.xib */,
				040578B627F2E6F0003E456D /* FaceCountVC.swift */,
				040578B727F2E6F0003E456D /* FaceCountVC.xib */,
				040578BA27F2E720003E456D /* MainTabBar.swift */,
			);
			path = hw_FaceCount;
			sourceTree = "<group>";
		};
		2298B4FB555E7F559263F844 /* Pods */ = {
			isa = PBXGroup;
			children = (
				B8DCEABC9DE5E76DDFB08039 /* Pods-hw_FaceCount.debug.xcconfig */,
				3CC65B0A8712914B9AEEFE07 /* Pods-hw_FaceCount.release.xcconfig */,
			);
			path = Pods;
			sourceTree = "<group>";
		};
		A1F8EC933D5EDA24D17EB772 /* Frameworks */ = {
			isa = PBXGroup;
			children = (
				9957C1C5BE09E481CD208111 /* Pods_hw_FaceCount.framework */,
			);
			name = Frameworks;
			sourceTree = "<group>";
		};
/* End PBXGroup section */

/* Begin PBXNativeTarget section */
		04D0390127F2E2A400A7E036 /* hw_FaceCount */ = {
			isa = PBXNativeTarget;
			buildConfigurationList = 04D0391627F2E2A500A7E036 /* Build configuration list for PBXNativeTarget "hw_FaceCount" */;
			buildPhases = (
				8A69FA2A945DD11C8A5FCA1A /* [CP] Check Pods Manifest.lock */,
				04D038FE27F2E2A400A7E036 /* Sources */,
				04D038FF27F2E2A400A7E036 /* Frameworks */,
				04D0390027F2E2A400A7E036 /* Resources */,
				FD3EA3E86B16324452DDD63E /* [CP] Embed Pods Frameworks */,
			);
			buildRules = (
			);
			dependencies = (
			);
			name = hw_FaceCount;
			productName = hw_FaceCount;
			productReference = 04D0390227F2E2A400A7E036 /* hw_FaceCount.app */;
			productType = "com.apple.product-type.application";
		};
/* End PBXNativeTarget section */

/* Begin PBXProject section */
		04D038FA27F2E2A400A7E036 /* Project object */ = {
			isa = PBXProject;
			attributes = {
				BuildIndependentTargetsInParallel = 1;
				LastSwiftUpdateCheck = 1300;
				LastUpgradeCheck = 1300;
				TargetAttributes = {
					04D0390127F2E2A400A7E036 = {
						CreatedOnToolsVersion = 13.0;
					};
				};
			};
			buildConfigurationList = 04D038FD27F2E2A400A7E036 /* Build configuration list for PBXProject "hw_FaceCount" */;
			compatibilityVersion = "Xcode 13.0";
			developmentRegion = en;
			hasScannedForEncodings = 0;
			knownRegions = (
				en,
				Base,
			);
			mainGroup = 04D038F927F2E2A400A7E036;
			productRefGroup = 04D0390327F2E2A400A7E036 /* Products */;
			projectDirPath = "";
			projectRoot = "";
			targets = (
				04D0390127F2E2A400A7E036 /* hw_FaceCount */,
			);
		};
/* End PBXProject section */

/* Begin PBXResourcesBuildPhase section */
		04D0390027F2E2A400A7E036 /* Resources */ = {
			isa = PBXResourcesBuildPhase;
			buildActionMask = 2147483647;
			files = (
				040578B527F2E6E1003E456D /* TextPhotoVC.xib in Resources */,
				040578B927F2E6F0003E456D /* FaceCountVC.xib in Resources */,
				04D0391227F2E2A500A7E036 /* LaunchScreen.storyboard in Resources */,
				04D0390F27F2E2A500A7E036 /* Assets.xcassets in Resources */,
			);
			runOnlyForDeploymentPostprocessing = 0;
		};
/* End PBXResourcesBuildPhase section */

/* Begin PBXShellScriptBuildPhase section */
		8A69FA2A945DD11C8A5FCA1A /* [CP] Check Pods Manifest.lock */ = {
			isa = PBXShellScriptBuildPhase;
			buildActionMask = 2147483647;
			files = (
			);
			inputFileListPaths = (
			);
			inputPaths = (
				"${PODS_PODFILE_DIR_PATH}/Podfile.lock",
				"${PODS_ROOT}/Manifest.lock",
			);
			name = "[CP] Check Pods Manifest.lock";
			outputFileListPaths = (
			);
			outputPaths = (
				"$(DERIVED_FILE_DIR)/Pods-hw_FaceCount-checkManifestLockResult.txt",
			);
			runOnlyForDeploymentPostprocessing = 0;
			shellPath = /bin/sh;
			shellScript = "diff \"${PODS_PODFILE_DIR_PATH}/Podfile.lock\" \"${PODS_ROOT}/Manifest.lock\" > /dev/null\nif [ $? != 0 ] ; then\n    # print error to STDERR\n    echo \"error: The sandbox is not in sync with the Podfile.lock. Run 'pod install' or update your CocoaPods installation.\" >&2\n    exit 1\nfi\n# This output is used by Xcode 'outputs' to avoid re-running this script phase.\necho \"SUCCESS\" > \"${SCRIPT_OUTPUT_FILE_0}\"\n";
			showEnvVarsInLog = 0;
		};
		FD3EA3E86B16324452DDD63E /* [CP] Embed Pods Frameworks */ = {
			isa = PBXShellScriptBuildPhase;
			buildActionMask = 2147483647;
			files = (
			);
			inputFileListPaths = (
				"${PODS_ROOT}/Target Support Files/Pods-hw_FaceCount/Pods-hw_FaceCount-frameworks-${CONFIGURATION}-input-files.xcfilelist",
			);
			name = "[CP] Embed Pods Frameworks";
			outputFileListPaths = (
				"${PODS_ROOT}/Target Support Files/Pods-hw_FaceCount/Pods-hw_FaceCount-frameworks-${CONFIGURATION}-output-files.xcfilelist",
			);
			runOnlyForDeploymentPostprocessing = 0;
			shellPath = /bin/sh;
			shellScript = "\"${PODS_ROOT}/Target Support Files/Pods-hw_FaceCount/Pods-hw_FaceCount-frameworks.sh\"\n";
			showEnvVarsInLog = 0;
		};
/* End PBXShellScriptBuildPhase section */

/* Begin PBXSourcesBuildPhase section */
		04D038FE27F2E2A400A7E036 /* Sources */ = {
			isa = PBXSourcesBuildPhase;
			buildActionMask = 2147483647;
			files = (
				040578BB27F2E720003E456D /* MainTabBar.swift in Sources */,
				040578B427F2E6E1003E456D /* TextPhotoVC.swift in Sources */,
				040578B827F2E6F0003E456D /* FaceCountVC.swift in Sources */,
				04D0390627F2E2A400A7E036 /* AppDelegate.swift in Sources */,
			);
			runOnlyForDeploymentPostprocessing = 0;
		};
/* End PBXSourcesBuildPhase section */

/* Begin PBXVariantGroup section */
		04D0391027F2E2A500A7E036 /* LaunchScreen.storyboard */ = {
			isa = PBXVariantGroup;
			children = (
				04D0391127F2E2A500A7E036 /* Base */,
			);
			name = LaunchScreen.storyboard;
			sourceTree = "<group>";
		};
/* End PBXVariantGroup section */

/* Begin XCBuildConfiguration section */
		04D0391427F2E2A500A7E036 /* Debug */ = {
			isa = XCBuildConfiguration;
			buildSettings = {
				ALWAYS_SEARCH_USER_PATHS = NO;
				CLANG_ANALYZER_NONNULL = YES;
				CLANG_ANALYZER_NUMBER_OBJECT_CONVERSION = YES_AGGRESSIVE;
				CLANG_CXX_LANGUAGE_STANDARD = "gnu++17";
				CLANG_CXX_LIBRARY = "libc++";
				CLANG_ENABLE_MODULES = YES;
				CLANG_ENABLE_OBJC_ARC = YES;
				CLANG_ENABLE_OBJC_WEAK = YES;
				CLANG_WARN_BLOCK_CAPTURE_AUTORELEASING = YES;
				CLANG_WARN_BOOL_CONVERSION = YES;
				CLANG_WARN_COMMA = YES;
				CLANG_WARN_CONSTANT_CONVERSION = YES;
				CLANG_WARN_DEPRECATED_OBJC_IMPLEMENTATIONS = YES;
				CLANG_WARN_DIRECT_OBJC_ISA_USAGE = YES_ERROR;
				CLANG_WARN_DOCUMENTATION_COMMENTS = YES;
				CLANG_WARN_EMPTY_BODY = YES;
				CLANG_WARN_ENUM_CONVERSION = YES;
				CLANG_WARN_INFINITE_RECURSION = YES;
				CLANG_WARN_INT_CONVERSION = YES;
				CLANG_WARN_NON_LITERAL_NULL_CONVERSION = YES;
				CLANG_WARN_OBJC_IMPLICIT_RETAIN_SELF = YES;
				CLANG_WARN_OBJC_LITERAL_CONVERSION = YES;
				CLANG_WARN_OBJC_ROOT_CLASS = YES_ERROR;
				CLANG_WARN_QUOTED_INCLUDE_IN_FRAMEWORK_HEADER = YES;
				CLANG_WARN_RANGE_LOOP_ANALYSIS = YES;
				CLANG_WARN_STRICT_PROTOTYPES = YES;
				CLANG_WARN_SUSPICIOUS_MOVE = YES;
				CLANG_WARN_UNGUARDED_AVAILABILITY = YES_AGGRESSIVE;
				CLANG_WARN_UNREACHABLE_CODE = YES;
				CLANG_WARN__DUPLICATE_METHOD_MATCH = YES;
				COPY_PHASE_STRIP = NO;
				DEBUG_INFORMATION_FORMAT = dwarf;
				ENABLE_STRICT_OBJC_MSGSEND = YES;
				ENABLE_TESTABILITY = YES;
				GCC_C_LANGUAGE_STANDARD = gnu11;
				GCC_DYNAMIC_NO_PIC = NO;
				GCC_NO_COMMON_BLOCKS = YES;
				GCC_OPTIMIZATION_LEVEL = 0;
				GCC_PREPROCESSOR_DEFINITIONS = (
					"DEBUG=1",
					"$(inherited)",
				);
				GCC_WARN_64_TO_32_BIT_CONVERSION = YES;
				GCC_WARN_ABOUT_RETURN_TYPE = YES_ERROR;
				GCC_WARN_UNDECLARED_SELECTOR = YES;
				GCC_WARN_UNINITIALIZED_AUTOS = YES_AGGRESSIVE;
				GCC_WARN_UNUSED_FUNCTION = YES;
				GCC_WARN_UNUSED_VARIABLE = YES;
				IPHONEOS_DEPLOYMENT_TARGET = 15.0;
				MTL_ENABLE_DEBUG_INFO = INCLUDE_SOURCE;
				MTL_FAST_MATH = YES;
				ONLY_ACTIVE_ARCH = YES;
				SDKROOT = iphoneos;
				SWIFT_ACTIVE_COMPILATION_CONDITIONS = DEBUG;
				SWIFT_OPTIMIZATION_LEVEL = "-Onone";
			};
			name = Debug;
		};
		04D0391527F2E2A500A7E036 /* Release */ = {
			isa = XCBuildConfiguration;
			buildSettings = {
				ALWAYS_SEARCH_USER_PATHS = NO;
				CLANG_ANALYZER_NONNULL = YES;
				CLANG_ANALYZER_NUMBER_OBJECT_CONVERSION = YES_AGGRESSIVE;
				CLANG_CXX_LANGUAGE_STANDARD = "gnu++17";
				CLANG_CXX_LIBRARY = "libc++";
				CLANG_ENABLE_MODULES = YES;
				CLANG_ENABLE_OBJC_ARC = YES;
				CLANG_ENABLE_OBJC_WEAK = YES;
				CLANG_WARN_BLOCK_CAPTURE_AUTORELEASING = YES;
				CLANG_WARN_BOOL_CONVERSION = YES;
				CLANG_WARN_COMMA = YES;
				CLANG_WARN_CONSTANT_CONVERSION = YES;
				CLANG_WARN_DEPRECATED_OBJC_IMPLEMENTATIONS = YES;
				CLANG_WARN_DIRECT_OBJC_ISA_USAGE = YES_ERROR;
				CLANG_WARN_DOCUMENTATION_COMMENTS = YES;
				CLANG_WARN_EMPTY_BODY = YES;
				CLANG_WARN_ENUM_CONVERSION = YES;
				CLANG_WARN_INFINITE_RECURSION = YES;
				CLANG_WARN_INT_CONVERSION = YES;
				CLANG_WARN_NON_LITERAL_NULL_CONVERSION = YES;
				CLANG_WARN_OBJC_IMPLICIT_RETAIN_SELF = YES;
				CLANG_WARN_OBJC_LITERAL_CONVERSION = YES;
				CLANG_WARN_OBJC_ROOT_CLASS = YES_ERROR;
				CLANG_WARN_QUOTED_INCLUDE_IN_FRAMEWORK_HEADER = YES;
				CLANG_WARN_RANGE_LOOP_ANALYSIS = YES;
				CLANG_WARN_STRICT_PROTOTYPES = YES;
				CLANG_WARN_SUSPICIOUS_MOVE = YES;
				CLANG_WARN_UNGUARDED_AVAILABILITY = YES_AGGRESSIVE;
				CLANG_WARN_UNREACHABLE_CODE = YES;
				CLANG_WARN__DUPLICATE_METHOD_MATCH = YES;
				COPY_PHASE_STRIP = NO;
				DEBUG_INFORMATION_FORMAT = "dwarf-with-dsym";
				ENABLE_NS_ASSERTIONS = NO;
				ENABLE_STRICT_OBJC_MSGSEND = YES;
				GCC_C_LANGUAGE_STANDARD = gnu11;
				GCC_NO_COMMON_BLOCKS = YES;
				GCC_WARN_64_TO_32_BIT_CONVERSION = YES;
				GCC_WARN_ABOUT_RETURN_TYPE = YES_ERROR;
				GCC_WARN_UNDECLARED_SELECTOR = YES;
				GCC_WARN_UNINITIALIZED_AUTOS = YES_AGGRESSIVE;
				GCC_WARN_UNUSED_FUNCTION = YES;
				GCC_WARN_UNUSED_VARIABLE = YES;
				IPHONEOS_DEPLOYMENT_TARGET = 15.0;
				MTL_ENABLE_DEBUG_INFO = NO;
				MTL_FAST_MATH = YES;
				SDKROOT = iphoneos;
				SWIFT_COMPILATION_MODE = wholemodule;
				SWIFT_OPTIMIZATION_LEVEL = "-O";
				VALIDATE_PRODUCT = YES;
			};
			name = Release;
		};
		04D0391727F2E2A500A7E036 /* Debug */ = {
			isa = XCBuildConfiguration;
			baseConfigurationReference = B8DCEABC9DE5E76DDFB08039 /* Pods-hw_FaceCount.debug.xcconfig */;
			buildSettings = {
				ASSETCATALOG_COMPILER_APPICON_NAME = AppIcon;
				ASSETCATALOG_COMPILER_GLOBAL_ACCENT_COLOR_NAME = AccentColor;
				CODE_SIGN_STYLE = Automatic;
				CURRENT_PROJECT_VERSION = 1;
				DEVELOPMENT_TEAM = 45JD332Z6D;
				GENERATE_INFOPLIST_FILE = YES;
				INFOPLIST_FILE = hw_FaceCount/Info.plist;
				INFOPLIST_KEY_UIApplicationSupportsIndirectInputEvents = YES;
				INFOPLIST_KEY_UILaunchStoryboardName = LaunchScreen;
				INFOPLIST_KEY_UISupportedInterfaceOrientations_iPad = "UIInterfaceOrientationPortrait UIInterfaceOrientationPortraitUpsideDown UIInterfaceOrientationLandscapeLeft UIInterfaceOrientationLandscapeRight";
				INFOPLIST_KEY_UISupportedInterfaceOrientations_iPhone = "UIInterfaceOrientationPortrait UIInterfaceOrientationLandscapeLeft UIInterfaceOrientationLandscapeRight";
				LD_RUNPATH_SEARCH_PATHS = (
					"$(inherited)",
					"@executable_path/Frameworks",
				);
				MARKETING_VERSION = 1.0;
				PRODUCT_BUNDLE_IDENTIFIER = "com.mavlono.hw-FaceCount";
				PRODUCT_NAME = "$(TARGET_NAME)";
				SWIFT_EMIT_LOC_STRINGS = YES;
				SWIFT_VERSION = 5.0;
				TARGETED_DEVICE_FAMILY = 1;
			};
			name = Debug;
		};
		04D0391827F2E2A500A7E036 /* Release */ = {
			isa = XCBuildConfiguration;
			baseConfigurationReference = 3CC65B0A8712914B9AEEFE07 /* Pods-hw_FaceCount.release.xcconfig */;
			buildSettings = {
				ASSETCATALOG_COMPILER_APPICON_NAME = AppIcon;
				ASSETCATALOG_COMPILER_GLOBAL_ACCENT_COLOR_NAME = AccentColor;
				CODE_SIGN_STYLE = Automatic;
				CURRENT_PROJECT_VERSION = 1;
				DEVELOPMENT_TEAM = 45JD332Z6D;
				GENERATE_INFOPLIST_FILE = YES;
				INFOPLIST_FILE = hw_FaceCount/Info.plist;
				INFOPLIST_KEY_UIApplicationSupportsIndirectInputEvents = YES;
				INFOPLIST_KEY_UILaunchStoryboardName = LaunchScreen;
				INFOPLIST_KEY_UISupportedInterfaceOrientations_iPad = "UIInterfaceOrientationPortrait UIInterfaceOrientationPortraitUpsideDown UIInterfaceOrientationLandscapeLeft UIInterfaceOrientationLandscapeRight";
				INFOPLIST_KEY_UISupportedInterfaceOrientations_iPhone = "UIInterfaceOrientationPortrait UIInterfaceOrientationLandscapeLeft UIInterfaceOrientationLandscapeRight";
				LD_RUNPATH_SEARCH_PATHS = (
					"$(inherited)",
					"@executable_path/Frameworks",
				);
				MARKETING_VERSION = 1.0;
				PRODUCT_BUNDLE_IDENTIFIER = "com.mavlono.hw-FaceCount";
				PRODUCT_NAME = "$(TARGET_NAME)";
				SWIFT_EMIT_LOC_STRINGS = YES;
				SWIFT_VERSION = 5.0;
				TARGETED_DEVICE_FAMILY = 1;
			};
			name = Release;
		};
/* End XCBuildConfiguration section */

/* Begin XCConfigurationList section */
		04D038FD27F2E2A400A7E036 /* Build configuration list for PBXProject "hw_FaceCount" */ = {
			isa = XCConfigurationList;
			buildConfigurations = (
				04D0391427F2E2A500A7E036 /* Debug */,
				04D0391527F2E2A500A7E036 /* Release */,
			);
			defaultConfigurationIsVisible = 0;
			defaultConfigurationName = Release;
		};
		04D0391627F2E2A500A7E036 /* Build configuration list for PBXNativeTarget "hw_FaceCount" */ = {
			isa = XCConfigurationList;
			buildConfigurations = (
				04D0391727F2E2A500A7E036 /* Debug */,
				04D0391827F2E2A500A7E036 /* Release */,
			);
			defaultConfigurationIsVisible = 0;
			defaultConfigurationName = Release;
		};
/* End XCConfigurationList section */
	};
	rootObject = 04D038FA27F2E2A400A7E036 /* Project object */;
}
